<?xml version="1.0" encoding="utf-8"?>
<Project ToolsVersion="4.0" xmlns="http://schemas.microsoft.com/developer/msbuild/2003">
  <ItemGroup>
    <Filter Include="Source Files">
      <UniqueIdentifier>{4FC737F1-C7A5-4376-A066-2A32D752A2FF}</UniqueIdentifier>
      <Extensions>cpp;c;cc;cxx;c++;cppm;ixx;def;odl;idl;hpj;bat;asm;asmx</Extensions>
    </Filter>
    <Filter Include="Header Files">
      <UniqueIdentifier>{93995380-89BD-4b04-88EB-625FBE52EBFB}</UniqueIdentifier>
      <Extensions>h;hh;hpp;hxx;h++;hm;inl;inc;ipp;xsd</Extensions>
    </Filter>
    <Filter Include="Resource Files">
      <UniqueIdentifier>{67DA6AB6-F800-4c08-8B7A-83BB121AAD01}</UniqueIdentifier>
      <Extensions>rc;ico;cur;bmp;dlg;rc2;rct;bin;rgs;gif;jpg;jpeg;jpe;resx;tiff;tif;png;wav;mfcribbon-ms</Extensions>
    </Filter>
  </ItemGroup>
  <ItemGroup>
    <ClInclude Include="include\core\Board.h">
      <Filter>Header Files</Filter>
    </ClInclude>
    <ClInclude Include="include\core\Game.h">
      <Filter>Header Files</Filter>
    </ClInclude>
    <ClInclude Include="include\core\Tile.h">
      <Filter>Header Files</Filter>
    </ClInclude>
    <ClInclude Include="include\entities\Entity.h">
      <Filter>Header Files</Filter>
    </ClInclude>
    <ClInclude Include="include\entities\Fire.h">
      <Filter>Header Files</Filter>
    </ClInclude>
    <ClInclude Include="include\entities\Player.h">
      <Filter>Header Files</Filter>
    </ClInclude>
    <ClInclude Include="include\entities\StaticEntities.h">
      <Filter>Header Files</Filter>
    </ClInclude>
    <ClInclude Include="include\graphics\AnimBase.h">
      <Filter>Header Files</Filter>
    </ClInclude>
    <ClInclude Include="include\graphics\AnimDirectional.h">
      <Filter>Header Files</Filter>
    </ClInclude>
    <ClInclude Include="include\graphics\SpriteSheet.h">
      <Filter>Header Files</Filter>
    </ClInclude>
    <ClInclude Include="include\graphics\Window.h">
      <Filter>Header Files</Filter>
    </ClInclude>
    <ClInclude Include="include\utils\Rectangle.h">
      <Filter>Header Files</Filter>
    </ClInclude>
    <ClInclude Include="include\utils\Vector2.h">
      <Filter>Header Files</Filter>
    </ClInclude>
    <ClInclude Include="include\core\Command.h">
      <Filter>Header Files</Filter>
    </ClInclude>
    <ClInclude Include="include\core\InputHandler.h">
      <Filter>Header Files</Filter>
    </ClInclude>
    <ClInclude Include="include\components\TTLComponent.h">
      <Filter>Header Files</Filter>
    </ClInclude>
    <ClInclude Include="include\components\HealthComponent.h">
      <Filter>Header Files</Filter>
    </ClInclude>
    <ClInclude Include="include\components\InputComponent.h">
      <Filter>Header Files</Filter>
    </ClInclude>
    <ClInclude Include="include\components\PositionComponent.h">
      <Filter>Header Files</Filter>
    </ClInclude>
    <ClInclude Include="include\components\VelocityComponent.h">
      <Filter>Header Files</Filter>
    </ClInclude>
    <ClInclude Include="include\components\GraphicsComponent.h">
      <Filter>Header Files</Filter>
    </ClInclude>
    <ClInclude Include="include\components\ColliderComponet.h">
      <Filter>Header Files</Filter>
    </ClInclude>
    <ClInclude Include="include\components\PlayerStateComponent.h">
      <Filter>Header Files</Filter>
    </ClInclude>
    <ClInclude Include="include\components\LogicComponent.h">
      <Filter>Header Files</Filter>
    </ClInclude>
    <ClInclude Include="include\components\Components.h">
      <Filter>Header Files</Filter>
    </ClInclude>
    <ClInclude Include="include\utils\Bitmask.h">
      <Filter>Header Files</Filter>
    </ClInclude>
    <ClInclude Include="include\systems\Systems.h">
      <Filter>Header Files</Filter>
    </ClInclude>
    <ClInclude Include="include\utils\TileData.h">
      <Filter>Header Files</Filter>
    </ClInclude>
    <ClInclude Include="include\Service\Observer.h">
      <Filter>Header Files</Filter>
    </ClInclude>
    <ClInclude Include="include\Service\Subject.h">
      <Filter>Header Files</Filter>
    </ClInclude>
    <ClInclude Include="include\sound\Audio.h">
      <Filter>Header Files</Filter>
    </ClInclude>
    <ClInclude Include="include\components\AudioComponent.h">
      <Filter>Header Files</Filter>
    </ClInclude>
    <ClInclude Include="include\Service\Locator.h">
      <Filter>Header Files</Filter>
    </ClInclude>
    <ClInclude Include="include\entities\EntityPool.h">
      <Filter>Header Files</Filter>
    </ClInclude>
    <ClInclude Include="include\Service\AudioManager.h">
      <Filter>Header Files</Filter>
    </ClInclude>
  </ItemGroup>
  <ItemGroup>
    <ClCompile Include="Soo.cpp">
      <Filter>Source Files</Filter>
    </ClCompile>
    <ClCompile Include="source\core\Board.cpp">
      <Filter>Source Files</Filter>
    </ClCompile>
    <ClCompile Include="source\core\Game.cpp">
      <Filter>Source Files</Filter>
    </ClCompile>
    <ClCompile Include="source\core\Tile.cpp">
      <Filter>Source Files</Filter>
    </ClCompile>
    <ClCompile Include="source\entities\Entity.cpp">
      <Filter>Source Files</Filter>
    </ClCompile>
    <ClCompile Include="source\entities\Fire.cpp">
      <Filter>Source Files</Filter>
    </ClCompile>
    <ClCompile Include="source\entities\Player.cpp">
      <Filter>Source Files</Filter>
    </ClCompile>
    <ClCompile Include="source\graphics\AnimBase.cpp">
      <Filter>Source Files</Filter>
    </ClCompile>
    <ClCompile Include="source\graphics\AnimDirectional.cpp">
      <Filter>Source Files</Filter>
    </ClCompile>
    <ClCompile Include="source\graphics\SpriteSheet.cpp">
      <Filter>Source Files</Filter>
    </ClCompile>
    <ClCompile Include="source\graphics\Window.cpp">
      <Filter>Source Files</Filter>
    </ClCompile>
    <ClCompile Include="source\utils\Rectangle.cpp">
      <Filter>Source Files</Filter>
    </ClCompile>
    <ClCompile Include="main.cpp">
      <Filter>Source Files</Filter>
    </ClCompile>
    <ClCompile Include="source\core\GameCommand.cpp">
      <Filter>Source Files</Filter>
    </ClCompile>
    <ClCompile Include="source\core\InputHandler.cpp">
      <Filter>Source Files</Filter>
    </ClCompile>
    <ClCompile Include="source\core\PlayerCommand.cpp">
      <Filter>Source Files</Filter>
    </ClCompile>
    <ClCompile Include="source\component\InputComponent.cpp">
      <Filter>Source Files</Filter>
    </ClCompile>
    <ClCompile Include="source\component\GraphicComponent.cpp">
      <Filter>Source Files</Filter>
    </ClCompile>
    <ClCompile Include="source\component\PlayerStateComponent.cpp">
      <Filter>Source Files</Filter>
    </ClCompile>
    <ClCompile Include="source\systems\TTLSystem.cpp">
      <Filter>Source Files</Filter>
    </ClCompile>
    <ClCompile Include="source\systems\InputSystem.cpp">
      <Filter>Source Files</Filter>
    </ClCompile>
    <ClCompile Include="source\systems\MovementSystem.cpp">
      <Filter>Source Files</Filter>
    </ClCompile>
    <ClCompile Include="source\systems\GraphicsSystem.cpp">
      <Filter>Source Files</Filter>
    </ClCompile>
    <ClCompile Include="source\systems\ColliderSystem.cpp">
      <Filter>Source Files</Filter>
    </ClCompile>
    <ClCompile Include="source\systems\PrintDebugSystem.cpp">
      <Filter>Source Files</Filter>
    </ClCompile>
    <ClCompile Include="source\systems\GameplaySystem.cpp">
      <Filter>Source Files</Filter>
    </ClCompile>
    <ClCompile Include="source\sounds\PlayerSounds.cpp">
      <Filter>Source Files</Filter>
    </ClCompile>
    <ClCompile Include="source\service\Locator.cpp">
      <Filter>Source Files</Filter>
    </ClCompile>
    <ClCompile Include="source\entities\EntityPool.cpp">
      <Filter>Source Files</Filter>
    </ClCompile>
  </ItemGroup>
  <ItemGroup>
    <Image Include="img\wall.png">
      <Filter>Resource Files</Filter>
    </Image>
    <Image Include="img\floor.png">
      <Filter>Resource Files</Filter>
    </Image>
  </ItemGroup>
  <ItemGroup>
    <None Include="ClassDiagram.cd" />
    <None Include="ClassDiagram1.cd" />
  </ItemGroup>
</Project>